
Microsoft Visual Studio Solution File, Format Version 12.00
# Visual Studio 15
VisualStudioVersion = 15.0.28010.2041
MinimumVisualStudioVersion = 10.0.40219.1
Project("{888888A0-9F3D-457C-B088-3A5042F75D52}") = "pyall", "pyall.pyproj", "{713FAE3D-1FE4-495E-91F6-6D34F70BE326}"
EndProject
Global
	GlobalSection(SolutionConfigurationPlatforms) = preSolution
		Debug|Any CPU = Debug|Any CPU
		Release|Any CPU = Release|Any CPU
	EndGlobalSection
	GlobalSection(ProjectConfigurationPlatforms) = postSolution
		{713FAE3D-1FE4-495E-91F6-6D34F70BE326}.Debug|Any CPU.ActiveCfg = Debug|Any CPU
		{713FAE3D-1FE4-495E-91F6-6D34F70BE326}.Release|Any CPU.ActiveCfg = Release|Any CPU
	EndGlobalSection
	GlobalSection(SolutionProperties) = preSolution
		HideSolutionNode = FALSE
	EndGlobalSection
	GlobalSection(ExtensibilityGlobals) = postSolution
		SolutionGuid = {2229B4B1-A315-45E4-89A0-836AE81326CD}
	EndGlobalSection
EndGlobal
